
Microsoft Visual Studio Solution File, Format Version 12.00
Project("{FAE04EC0-301F-11D3-BF4B-00C04F79EFBC}") = "MohawkExtractor", "MohawkExtractor\MohawkExtractor.csproj", "{43A9BA88-6B88-47DE-9348-AB7405E9B38C}"
EndProject
Global
	GlobalSection(SolutionConfigurationPlatforms) = preSolution
		Debug|Any CPU = Debug|Any CPU
		Release|Any CPU = Release|Any CPU
	EndGlobalSection
	GlobalSection(ProjectConfigurationPlatforms) = postSolution
		{43A9BA88-6B88-47DE-9348-AB7405E9B38C}.Debug|Any CPU.ActiveCfg = Debug|Any CPU
		{43A9BA88-6B88-47DE-9348-AB7405E9B38C}.Debug|Any CPU.Build.0 = Debug|Any CPU
		{43A9BA88-6B88-47DE-9348-AB7405E9B38C}.Release|Any CPU.ActiveCfg = Release|Any CPU
		{43A9BA88-6B88-47DE-9348-AB7405E9B38C}.Release|Any CPU.Build.0 = Release|Any CPU
	EndGlobalSection
EndGlobal
